
Microsoft Visual Studio Solution File, Format Version 12.00
# Visual Studio 15
VisualStudioVersion = 15.0.28307.102
MinimumVisualStudioVersion = 10.0.40219.1
Project("{FAE04EC0-301F-11D3-BF4B-00C04F79EFBC}") = "WLED.Android", "WLED\WLED.Android\WLED.Android.csproj", "{9F93D0AB-7378-4AAC-9357-D41A791675E9}"
EndProject
Project("{FAE04EC0-301F-11D3-BF4B-00C04F79EFBC}") = "WLED.iOS", "WLED\WLED.iOS\WLED.iOS.csproj", "{6D035223-3BA1-45CB-9CD2-0D53218BCAA4}"
EndProject
Project("{FAE04EC0-301F-11D3-BF4B-00C04F79EFBC}") = "WLED.UWP", "WLED\WLED.UWP\WLED.UWP.csproj", "{8731E931-7BF6-45D6-A219-83947BD0566A}"
EndProject
Project("{FAE04EC0-301F-11D3-BF4B-00C04F79EFBC}") = "WLED", "WLED\WLED\WLED.csproj", "{ABDDB7BD-CDCE-4A8B-ABB3-ADD90960EC83}"
EndProject
Global
	GlobalSection(SolutionConfigurationPlatforms) = preSolution
		Ad-Hoc|Any CPU = Ad-Hoc|Any CPU
		Ad-Hoc|ARM = Ad-Hoc|ARM
		Ad-Hoc|iPhone = Ad-Hoc|iPhone
		Ad-Hoc|iPhoneSimulator = Ad-Hoc|iPhoneSimulator
		Ad-Hoc|x64 = Ad-Hoc|x64
		Ad-Hoc|x86 = Ad-Hoc|x86
		AppStore|Any CPU = AppStore|Any CPU
		AppStore|ARM = AppStore|ARM
		AppStore|iPhone = AppStore|iPhone
		AppStore|iPhoneSimulator = AppStore|iPhoneSimulator
		AppStore|x64 = AppStore|x64
		AppStore|x86 = AppStore|x86
		Debug|Any CPU = Debug|Any CPU
		Debug|ARM = Debug|ARM
		Debug|iPhone = Debug|iPhone
		Debug|iPhoneSimulator = Debug|iPhoneSimulator
		Debug|x64 = Debug|x64
		Debug|x86 = Debug|x86
		Release|Any CPU = Release|Any CPU
		Release|ARM = Release|ARM
		Release|iPhone = Release|iPhone
		Release|iPhoneSimulator = Release|iPhoneSimulator
		Release|x64 = Release|x64
		Release|x86 = Release|x86
	EndGlobalSection
	GlobalSection(ProjectConfigurationPlatforms) = postSolution
		{9F93D0AB-7378-4AAC-9357-D41A791675E9}.Ad-Hoc|Any CPU.ActiveCfg = Release|Any CPU
		{9F93D0AB-7378-4AAC-9357-D41A791675E9}.Ad-Hoc|Any CPU.Build.0 = Release|Any CPU
		{9F93D0AB-7378-4AAC-9357-D41A791675E9}.Ad-Hoc|Any CPU.Deploy.0 = Release|Any CPU
		{9F93D0AB-7378-4AAC-9357-D41A791675E9}.Ad-Hoc|ARM.ActiveCfg = Release|Any CPU
		{9F93D0AB-7378-4AAC-9357-D41A791675E9}.Ad-Hoc|ARM.Build.0 = Release|Any CPU
		{9F93D0AB-7378-4AAC-9357-D41A791675E9}.Ad-Hoc|ARM.Deploy.0 = Release|Any CPU
		{9F93D0AB-7378-4AAC-9357-D41A791675E9}.Ad-Hoc|iPhone.ActiveCfg = Release|Any CPU
		{9F93D0AB-7378-4AAC-9357-D41A791675E9}.Ad-Hoc|iPhone.Build.0 = Release|Any CPU
		{9F93D0AB-7378-4AAC-9357-D41A791675E9}.Ad-Hoc|iPhone.Deploy.0 = Release|Any CPU
		{9F93D0AB-7378-4AAC-9357-D41A791675E9}.Ad-Hoc|iPhoneSimulator.ActiveCfg = Release|Any CPU
		{9F93D0AB-7378-4AAC-9357-D41A791675E9}.Ad-Hoc|iPhoneSimulator.Build.0 = Release|Any CPU
		{9F93D0AB-7378-4AAC-9357-D41A791675E9}.Ad-Hoc|iPhoneSimulator.Deploy.0 = Release|Any CPU
		{9F93D0AB-7378-4AAC-9357-D41A791675E9}.Ad-Hoc|x64.ActiveCfg = Release|Any CPU
		{9F93D0AB-7378-4AAC-9357-D41A791675E9}.Ad-Hoc|x64.Build.0 = Release|Any CPU
		{9F93D0AB-7378-4AAC-9357-D41A791675E9}.Ad-Hoc|x64.Deploy.0 = Release|Any CPU
		{9F93D0AB-7378-4AAC-9357-D41A791675E9}.Ad-Hoc|x86.ActiveCfg = Release|Any CPU
		{9F93D0AB-7378-4AAC-9357-D41A791675E9}.Ad-Hoc|x86.Build.0 = Release|Any CPU
		{9F93D0AB-7378-4AAC-9357-D41A791675E9}.Ad-Hoc|x86.Deploy.0 = Release|Any CPU
		{9F93D0AB-7378-4AAC-9357-D41A791675E9}.AppStore|Any CPU.ActiveCfg = Release|Any CPU
		{9F93D0AB-7378-4AAC-9357-D41A791675E9}.AppStore|Any CPU.Build.0 = Release|Any CPU
		{9F93D0AB-7378-4AAC-9357-D41A791675E9}.AppStore|Any CPU.Deploy.0 = Release|Any CPU
		{9F93D0AB-7378-4AAC-9357-D41A791675E9}.AppStore|ARM.ActiveCfg = Release|Any CPU
		{9F93D0AB-7378-4AAC-9357-D41A791675E9}.AppStore|ARM.Build.0 = Release|Any CPU
		{9F93D0AB-7378-4AAC-9357-D41A791675E9}.AppStore|ARM.Deploy.0 = Release|Any CPU
		{9F93D0AB-7378-4AAC-9357-D41A791675E9}.AppStore|iPhone.ActiveCfg = Release|Any CPU
		{9F93D0AB-7378-4AAC-9357-D41A791675E9}.AppStore|iPhone.Build.0 = Release|Any CPU
		{9F93D0AB-7378-4AAC-9357-D41A791675E9}.AppStore|iPhone.Deploy.0 = Release|Any CPU
		{9F93D0AB-7378-4AAC-9357-D41A791675E9}.AppStore|iPhoneSimulator.ActiveCfg = Release|Any CPU
		{9F93D0AB-7378-4AAC-9357-D41A791675E9}.AppStore|iPhoneSimulator.Build.0 = Release|Any CPU
		{9F93D0AB-7378-4AAC-9357-D41A791675E9}.AppStore|iPhoneSimulator.Deploy.0 = Release|Any CPU
		{9F93D0AB-7378-4AAC-9357-D41A791675E9}.AppStore|x64.ActiveCfg = Release|Any CPU
		{9F93D0AB-7378-4AAC-9357-D41A791675E9}.AppStore|x64.Build.0 = Release|Any CPU
		{9F93D0AB-7378-4AAC-9357-D41A791675E9}.AppStore|x64.Deploy.0 = Release|Any CPU
		{9F93D0AB-7378-4AAC-9357-D41A791675E9}.AppStore|x86.ActiveCfg = Release|Any CPU
		{9F93D0AB-7378-4AAC-9357-D41A791675E9}.AppStore|x86.Build.0 = Release|Any CPU
		{9F93D0AB-7378-4AAC-9357-D41A791675E9}.AppStore|x86.Deploy.0 = Release|Any CPU
		{9F93D0AB-7378-4AAC-9357-D41A791675E9}.Debug|Any CPU.ActiveCfg = Debug|Any CPU
		{9F93D0AB-7378-4AAC-9357-D41A791675E9}.Debug|Any CPU.Build.0 = Debug|Any CPU
		{9F93D0AB-7378-4AAC-9357-D41A791675E9}.Debug|Any CPU.Deploy.0 = Debug|Any CPU
		{9F93D0AB-7378-4AAC-9357-D41A791675E9}.Debug|ARM.ActiveCfg = Debug|Any CPU
		{9F93D0AB-7378-4AAC-9357-D41A791675E9}.Debug|ARM.Build.0 = Debug|Any CPU
		{9F93D0AB-7378-4AAC-9357-D41A791675E9}.Debug|ARM.Deploy.0 = Debug|Any CPU
		{9F93D0AB-7378-4AAC-9357-D41A791675E9}.Debug|iPhone.ActiveCfg = Debug|Any CPU
		{9F93D0AB-7378-4AAC-9357-D41A791675E9}.Debug|iPhone.Build.0 = Debug|Any CPU
		{9F93D0AB-7378-4AAC-9357-D41A791675E9}.Debug|iPhone.Deploy.0 = Debug|Any CPU
		{9F93D0AB-7378-4AAC-9357-D41A791675E9}.Debug|iPhoneSimulator.ActiveCfg = Debug|Any CPU
		{9F93D0AB-7378-4AAC-9357-D41A791675E9}.Debug|iPhoneSimulator.Build.0 = Debug|Any CPU
		{9F93D0AB-7378-4AAC-9357-D41A791675E9}.Debug|iPhoneSimulator.Deploy.0 = Debug|Any CPU
		{9F93D0AB-7378-4AAC-9357-D41A791675E9}.Debug|x64.ActiveCfg = Debug|Any CPU
		{9F93D0AB-7378-4AAC-9357-D41A791675E9}.Debug|x64.Build.0 = Debug|Any CPU
		{9F93D0AB-7378-4AAC-9357-D41A791675E9}.Debug|x64.Deploy.0 = Debug|Any CPU
		{9F93D0AB-7378-4AAC-9357-D41A791675E9}.Debug|x86.ActiveCfg = Debug|Any CPU
		{9F93D0AB-7378-4AAC-9357-D41A791675E9}.Debug|x86.Build.0 = Debug|Any CPU
		{9F93D0AB-7378-4AAC-9357-D41A791675E9}.Debug|x86.Deploy.0 = Debug|Any CPU
		{9F93D0AB-7378-4AAC-9357-D41A791675E9}.Release|Any CPU.ActiveCfg = Release|Any CPU
		{9F93D0AB-7378-4AAC-9357-D41A791675E9}.Release|Any CPU.Build.0 = Release|Any CPU
		{9F93D0AB-7378-4AAC-9357-D41A791675E9}.Release|Any CPU.Deploy.0 = Release|Any CPU
		{9F93D0AB-7378-4AAC-9357-D41A791675E9}.Release|ARM.ActiveCfg = Release|Any CPU
		{9F93D0AB-7378-4AAC-9357-D41A791675E9}.Release|ARM.Build.0 = Release|Any CPU
		{9F93D0AB-7378-4AAC-9357-D41A791675E9}.Release|ARM.Deploy.0 = Release|Any CPU
		{9F93D0AB-7378-4AAC-9357-D41A791675E9}.Release|iPhone.ActiveCfg = Release|Any CPU
		{9F93D0AB-7378-4AAC-9357-D41A791675E9}.Release|iPhone.Build.0 = Release|Any CPU
		{9F93D0AB-7378-4AAC-9357-D41A791675E9}.Release|iPhone.Deploy.0 = Release|Any CPU
		{9F93D0AB-7378-4AAC-9357-D41A791675E9}.Release|iPhoneSimulator.ActiveCfg = Release|Any CPU
		{9F93D0AB-7378-4AAC-9357-D41A791675E9}.Release|iPhoneSimulator.Build.0 = Release|Any CPU
		{9F93D0AB-7378-4AAC-9357-D41A791675E9}.Release|iPhoneSimulator.Deploy.0 = Release|Any CPU
		{9F93D0AB-7378-4AAC-9357-D41A791675E9}.Release|x64.ActiveCfg = Release|Any CPU
		{9F93D0AB-7378-4AAC-9357-D41A791675E9}.Release|x64.Build.0 = Release|Any CPU
		{9F93D0AB-7378-4AAC-9357-D41A791675E9}.Release|x64.Deploy.0 = Release|Any CPU
		{9F93D0AB-7378-4AAC-9357-D41A791675E9}.Release|x86.ActiveCfg = Release|Any CPU
		{9F93D0AB-7378-4AAC-9357-D41A791675E9}.Release|x86.Build.0 = Release|Any CPU
		{9F93D0AB-7378-4AAC-9357-D41A791675E9}.Release|x86.Deploy.0 = Release|Any CPU
		{6D035223-3BA1-45CB-9CD2-0D53218BCAA4}.Ad-Hoc|Any CPU.ActiveCfg = Ad-Hoc|iPhone
		{6D035223-3BA1-45CB-9CD2-0D53218BCAA4}.Ad-Hoc|Any CPU.Build.0 = Ad-Hoc|iPhone
		{6D035223-3BA1-45CB-9CD2-0D53218BCAA4}.Ad-Hoc|Any CPU.Deploy.0 = Ad-Hoc|iPhone
		{6D035223-3BA1-45CB-9CD2-0D53218BCAA4}.Ad-Hoc|ARM.ActiveCfg = Ad-Hoc|iPhone
		{6D035223-3BA1-45CB-9CD2-0D53218BCAA4}.Ad-Hoc|ARM.Build.0 = Ad-Hoc|iPhone
		{6D035223-3BA1-45CB-9CD2-0D53218BCAA4}.Ad-Hoc|ARM.Deploy.0 = Ad-Hoc|iPhone
		{6D035223-3BA1-45CB-9CD2-0D53218BCAA4}.Ad-Hoc|iPhone.ActiveCfg = Ad-Hoc|iPhone
		{6D035223-3BA1-45CB-9CD2-0D53218BCAA4}.Ad-Hoc|iPhone.Build.0 = Ad-Hoc|iPhone
		{6D035223-3BA1-45CB-9CD2-0D53218BCAA4}.Ad-Hoc|iPhone.Deploy.0 = Ad-Hoc|iPhone
		{6D035223-3BA1-45CB-9CD2-0D53218BCAA4}.Ad-Hoc|iPhoneSimulator.ActiveCfg = Ad-Hoc|iPhoneSimulator
		{6D035223-3BA1-45CB-9CD2-0D53218BCAA4}.Ad-Hoc|iPhoneSimulator.Build.0 = Ad-Hoc|iPhoneSimulator
		{6D035223-3BA1-45CB-9CD2-0D53218BCAA4}.Ad-Hoc|iPhoneSimulator.Deploy.0 = Ad-Hoc|iPhoneSimulator
		{6D035223-3BA1-45CB-9CD2-0D53218BCAA4}.Ad-Hoc|x64.ActiveCfg = Ad-Hoc|iPhone
		{6D035223-3BA1-45CB-9CD2-0D53218BCAA4}.Ad-Hoc|x64.Build.0 = Ad-Hoc|iPhone
		{6D035223-3BA1-45CB-9CD2-0D53218BCAA4}.Ad-Hoc|x64.Deploy.0 = Ad-Hoc|iPhone
		{6D035223-3BA1-45CB-9CD2-0D53218BCAA4}.Ad-Hoc|x86.ActiveCfg = Ad-Hoc|iPhone
		{6D035223-3BA1-45CB-9CD2-0D53218BCAA4}.Ad-Hoc|x86.Build.0 = Ad-Hoc|iPhone
		{6D035223-3BA1-45CB-9CD2-0D53218BCAA4}.Ad-Hoc|x86.Deploy.0 = Ad-Hoc|iPhone
		{6D035223-3BA1-45CB-9CD2-0D53218BCAA4}.AppStore|Any CPU.ActiveCfg = AppStore|iPhone
		{6D035223-3BA1-45CB-9CD2-0D53218BCAA4}.AppStore|Any CPU.Build.0 = AppStore|iPhone
		{6D035223-3BA1-45CB-9CD2-0D53218BCAA4}.AppStore|Any CPU.Deploy.0 = AppStore|iPhone
		{6D035223-3BA1-45CB-9CD2-0D53218BCAA4}.AppStore|ARM.ActiveCfg = AppStore|iPhone
		{6D035223-3BA1-45CB-9CD2-0D53218BCAA4}.AppStore|ARM.Build.0 = AppStore|iPhone
		{6D035223-3BA1-45CB-9CD2-0D53218BCAA4}.AppStore|ARM.Deploy.0 = AppStore|iPhone
		{6D035223-3BA1-45CB-9CD2-0D53218BCAA4}.AppStore|iPhone.ActiveCfg = AppStore|iPhone
		{6D035223-3BA1-45CB-9CD2-0D53218BCAA4}.AppStore|iPhone.Build.0 = AppStore|iPhone
		{6D035223-3BA1-45CB-9CD2-0D53218BCAA4}.AppStore|iPhone.Deploy.0 = AppStore|iPhone
		{6D035223-3BA1-45CB-9CD2-0D53218BCAA4}.AppStore|iPhoneSimulator.ActiveCfg = AppStore|iPhoneSimulator
		{6D035223-3BA1-45CB-9CD2-0D53218BCAA4}.AppStore|iPhoneSimulator.Build.0 = AppStore|iPhoneSimulator
		{6D035223-3BA1-45CB-9CD2-0D53218BCAA4}.AppStore|iPhoneSimulator.Deploy.0 = AppStore|iPhoneSimulator
		{6D035223-3BA1-45CB-9CD2-0D53218BCAA4}.AppStore|x64.ActiveCfg = AppStore|iPhone
		{6D035223-3BA1-45CB-9CD2-0D53218BCAA4}.AppStore|x64.Build.0 = AppStore|iPhone
		{6D035223-3BA1-45CB-9CD2-0D53218BCAA4}.AppStore|x64.Deploy.0 = AppStore|iPhone
		{6D035223-3BA1-45CB-9CD2-0D53218BCAA4}.AppStore|x86.ActiveCfg = AppStore|iPhone
		{6D035223-3BA1-45CB-9CD2-0D53218BCAA4}.AppStore|x86.Build.0 = AppStore|iPhone
		{6D035223-3BA1-45CB-9CD2-0D53218BCAA4}.AppStore|x86.Deploy.0 = AppStore|iPhone
		{6D035223-3BA1-45CB-9CD2-0D53218BCAA4}.Debug|Any CPU.ActiveCfg = Debug|iPhoneSimulator
		{6D035223-3BA1-45CB-9CD2-0D53218BCAA4}.Debug|Any CPU.Build.0 = Debug|iPhoneSimulator
		{6D035223-3BA1-45CB-9CD2-0D53218BCAA4}.Debug|Any CPU.Deploy.0 = Debug|iPhoneSimulator
		{6D035223-3BA1-45CB-9CD2-0D53218BCAA4}.Debug|ARM.ActiveCfg = Debug|iPhone
		{6D035223-3BA1-45CB-9CD2-0D53218BCAA4}.Debug|ARM.Build.0 = Debug|iPhone
		{6D035223-3BA1-45CB-9CD2-0D53218BCAA4}.Debug|ARM.Deploy.0 = Debug|iPhone
		{6D035223-3BA1-45CB-9CD2-0D53218BCAA4}.Debug|iPhone.ActiveCfg = Debug|iPhone
		{6D035223-3BA1-45CB-9CD2-0D53218BCAA4}.Debug|iPhone.Build.0 = Debug|iPhone
		{6D035223-3BA1-45CB-9CD2-0D53218BCAA4}.Debug|iPhone.Deploy.0 = Debug|iPhone
		{6D035223-3BA1-45CB-9CD2-0D53218BCAA4}.Debug|iPhoneSimulator.ActiveCfg = Debug|iPhoneSimulator
		{6D035223-3BA1-45CB-9CD2-0D53218BCAA4}.Debug|iPhoneSimulator.Build.0 = Debug|iPhoneSimulator
		{6D035223-3BA1-45CB-9CD2-0D53218BCAA4}.Debug|iPhoneSimulator.Deploy.0 = Debug|iPhoneSimulator
		{6D035223-3BA1-45CB-9CD2-0D53218BCAA4}.Debug|x64.ActiveCfg = Debug|iPhone
		{6D035223-3BA1-45CB-9CD2-0D53218BCAA4}.Debug|x64.Build.0 = Debug|iPhone
		{6D035223-3BA1-45CB-9CD2-0D53218BCAA4}.Debug|x64.Deploy.0 = Debug|iPhone
		{6D035223-3BA1-45CB-9CD2-0D53218BCAA4}.Debug|x86.ActiveCfg = Debug|iPhone
		{6D035223-3BA1-45CB-9CD2-0D53218BCAA4}.Debug|x86.Build.0 = Debug|iPhone
		{6D035223-3BA1-45CB-9CD2-0D53218BCAA4}.Debug|x86.Deploy.0 = Debug|iPhone
		{6D035223-3BA1-45CB-9CD2-0D53218BCAA4}.Release|Any CPU.ActiveCfg = Release|iPhone
		{6D035223-3BA1-45CB-9CD2-0D53218BCAA4}.Release|Any CPU.Build.0 = Release|iPhone
		{6D035223-3BA1-45CB-9CD2-0D53218BCAA4}.Release|Any CPU.Deploy.0 = Release|iPhone
		{6D035223-3BA1-45CB-9CD2-0D53218BCAA4}.Release|ARM.ActiveCfg = Release|iPhone
		{6D035223-3BA1-45CB-9CD2-0D53218BCAA4}.Release|ARM.Build.0 = Release|iPhone
		{6D035223-3BA1-45CB-9CD2-0D53218BCAA4}.Release|ARM.Deploy.0 = Release|iPhone
		{6D035223-3BA1-45CB-9CD2-0D53218BCAA4}.Release|iPhone.ActiveCfg = Release|iPhone
		{6D035223-3BA1-45CB-9CD2-0D53218BCAA4}.Release|iPhone.Build.0 = Release|iPhone
		{6D035223-3BA1-45CB-9CD2-0D53218BCAA4}.Release|iPhone.Deploy.0 = Release|iPhone
		{6D035223-3BA1-45CB-9CD2-0D53218BCAA4}.Release|iPhoneSimulator.ActiveCfg = Release|iPhoneSimulator
		{6D035223-3BA1-45CB-9CD2-0D53218BCAA4}.Release|iPhoneSimulator.Build.0 = Release|iPhoneSimulator
		{6D035223-3BA1-45CB-9CD2-0D53218BCAA4}.Release|iPhoneSimulator.Deploy.0 = Release|iPhoneSimulator
		{6D035223-3BA1-45CB-9CD2-0D53218BCAA4}.Release|x64.ActiveCfg = Release|iPhone
		{6D035223-3BA1-45CB-9CD2-0D53218BCAA4}.Release|x64.Build.0 = Release|iPhone
		{6D035223-3BA1-45CB-9CD2-0D53218BCAA4}.Release|x64.Deploy.0 = Release|iPhone
		{6D035223-3BA1-45CB-9CD2-0D53218BCAA4}.Release|x86.ActiveCfg = Release|iPhone
		{6D035223-3BA1-45CB-9CD2-0D53218BCAA4}.Release|x86.Build.0 = Release|iPhone
		{6D035223-3BA1-45CB-9CD2-0D53218BCAA4}.Release|x86.Deploy.0 = Release|iPhone
		{8731E931-7BF6-45D6-A219-83947BD0566A}.Ad-Hoc|Any CPU.ActiveCfg = Release|x86
		{8731E931-7BF6-45D6-A219-83947BD0566A}.Ad-Hoc|Any CPU.Build.0 = Release|x86
		{8731E931-7BF6-45D6-A219-83947BD0566A}.Ad-Hoc|Any CPU.Deploy.0 = Release|x86
		{8731E931-7BF6-45D6-A219-83947BD0566A}.Ad-Hoc|ARM.ActiveCfg = Release|ARM
		{8731E931-7BF6-45D6-A219-83947BD0566A}.Ad-Hoc|ARM.Build.0 = Release|ARM
		{8731E931-7BF6-45D6-A219-83947BD0566A}.Ad-Hoc|ARM.Deploy.0 = Release|ARM
		{8731E931-7BF6-45D6-A219-83947BD0566A}.Ad-Hoc|iPhone.ActiveCfg = Release|x86
		{8731E931-7BF6-45D6-A219-83947BD0566A}.Ad-Hoc|iPhone.Build.0 = Release|x86
		{8731E931-7BF6-45D6-A219-83947BD0566A}.Ad-Hoc|iPhone.Deploy.0 = Release|x86
		{8731E931-7BF6-45D6-A219-83947BD0566A}.Ad-Hoc|iPhoneSimulator.ActiveCfg = Release|x86
		{8731E931-7BF6-45D6-A219-83947BD0566A}.Ad-Hoc|iPhoneSimulator.Build.0 = Release|x86
		{8731E931-7BF6-45D6-A219-83947BD0566A}.Ad-Hoc|iPhoneSimulator.Deploy.0 = Release|x86
		{8731E931-7BF6-45D6-A219-83947BD0566A}.Ad-Hoc|x64.ActiveCfg = Release|x64
		{8731E931-7BF6-45D6-A219-83947BD0566A}.Ad-Hoc|x64.Build.0 = Release|x64
		{8731E931-7BF6-45D6-A219-83947BD0566A}.Ad-Hoc|x64.Deploy.0 = Release|x64
		{8731E931-7BF6-45D6-A219-83947BD0566A}.Ad-Hoc|x86.ActiveCfg = Release|x86
		{8731E931-7BF6-45D6-A219-83947BD0566A}.Ad-Hoc|x86.Build.0 = Release|x86
		{8731E931-7BF6-45D6-A219-83947BD0566A}.Ad-Hoc|x86.Deploy.0 = Release|x86
		{8731E931-7BF6-45D6-A219-83947BD0566A}.AppStore|Any CPU.ActiveCfg = Release|x86
		{8731E931-7BF6-45D6-A219-83947BD0566A}.AppStore|Any CPU.Build.0 = Release|x86
		{8731E931-7BF6-45D6-A219-83947BD0566A}.AppStore|Any CPU.Deploy.0 = Release|x86
		{8731E931-7BF6-45D6-A219-83947BD0566A}.AppStore|ARM.ActiveCfg = Release|ARM
		{8731E931-7BF6-45D6-A219-83947BD0566A}.AppStore|ARM.Build.0 = Release|ARM
		{8731E931-7BF6-45D6-A219-83947BD0566A}.AppStore|ARM.Deploy.0 = Release|ARM
		{8731E931-7BF6-45D6-A219-83947BD0566A}.AppStore|iPhone.ActiveCfg = Release|x86
		{8731E931-7BF6-45D6-A219-83947BD0566A}.AppStore|iPhone.Build.0 = Release|x86
		{8731E931-7BF6-45D6-A219-83947BD0566A}.AppStore|iPhone.Deploy.0 = Release|x86
		{8731E931-7BF6-45D6-A219-83947BD0566A}.AppStore|iPhoneSimulator.ActiveCfg = Release|x86
		{8731E931-7BF6-45D6-A219-83947BD0566A}.AppStore|iPhoneSimulator.Build.0 = Release|x86
		{8731E931-7BF6-45D6-A219-83947BD0566A}.AppStore|iPhoneSimulator.Deploy.0 = Release|x86
		{8731E931-7BF6-45D6-A219-83947BD0566A}.AppStore|x64.ActiveCfg = Release|x64
		{8731E931-7BF6-45D6-A219-83947BD0566A}.AppStore|x64.Build.0 = Release|x64
		{8731E931-7BF6-45D6-A219-83947BD0566A}.AppStore|x64.Deploy.0 = Release|x64
		{8731E931-7BF6-45D6-A219-83947BD0566A}.AppStore|x86.ActiveCfg = Release|x86
		{8731E931-7BF6-45D6-A219-83947BD0566A}.AppStore|x86.Build.0 = Release|x86
		{8731E931-7BF6-45D6-A219-83947BD0566A}.AppStore|x86.Deploy.0 = Release|x86
		{8731E931-7BF6-45D6-A219-83947BD0566A}.Debug|Any CPU.ActiveCfg = Debug|x86
		{8731E931-7BF6-45D6-A219-83947BD0566A}.Debug|Any CPU.Build.0 = Debug|x86
		{8731E931-7BF6-45D6-A219-83947BD0566A}.Debug|Any CPU.Deploy.0 = Debug|x86
		{8731E931-7BF6-45D6-A219-83947BD0566A}.Debug|ARM.ActiveCfg = Debug|ARM
		{8731E931-7BF6-45D6-A219-83947BD0566A}.Debug|ARM.Build.0 = Debug|ARM
		{8731E931-7BF6-45D6-A219-83947BD0566A}.Debug|ARM.Deploy.0 = Debug|ARM
		{8731E931-7BF6-45D6-A219-83947BD0566A}.Debug|iPhone.ActiveCfg = Debug|x86
		{8731E931-7BF6-45D6-A219-83947BD0566A}.Debug|iPhone.Build.0 = Debug|x86
		{8731E931-7BF6-45D6-A219-83947BD0566A}.Debug|iPhone.Deploy.0 = Debug|x86
		{8731E931-7BF6-45D6-A219-83947BD0566A}.Debug|iPhoneSimulator.ActiveCfg = Debug|x86
		{8731E931-7BF6-45D6-A219-83947BD0566A}.Debug|iPhoneSimulator.Build.0 = Debug|x86
		{8731E931-7BF6-45D6-A219-83947BD0566A}.Debug|iPhoneSimulator.Deploy.0 = Debug|x86
		{8731E931-7BF6-45D6-A219-83947BD0566A}.Debug|x64.ActiveCfg = Debug|x64
		{8731E931-7BF6-45D6-A219-83947BD0566A}.Debug|x64.Build.0 = Debug|x64
		{8731E931-7BF6-45D6-A219-83947BD0566A}.Debug|x64.Deploy.0 = Debug|x64
		{8731E931-7BF6-45D6-A219-83947BD0566A}.Debug|x86.ActiveCfg = Debug|x86
		{8731E931-7BF6-45D6-A219-83947BD0566A}.Debug|x86.Build.0 = Debug|x86
		{8731E931-7BF6-45D6-A219-83947BD0566A}.Debug|x86.Deploy.0 = Debug|x86
		{8731E931-7BF6-45D6-A219-83947BD0566A}.Release|Any CPU.ActiveCfg = Release|x86
		{8731E931-7BF6-45D6-A219-83947BD0566A}.Release|Any CPU.Build.0 = Release|x86
		{8731E931-7BF6-45D6-A219-83947BD0566A}.Release|Any CPU.Deploy.0 = Release|x86
		{8731E931-7BF6-45D6-A219-83947BD0566A}.Release|ARM.ActiveCfg = Release|ARM
		{8731E931-7BF6-45D6-A219-83947BD0566A}.Release|ARM.Build.0 = Release|ARM
		{8731E931-7BF6-45D6-A219-83947BD0566A}.Release|ARM.Deploy.0 = Release|ARM
		{8731E931-7BF6-45D6-A219-83947BD0566A}.Release|iPhone.ActiveCfg = Release|x86
		{8731E931-7BF6-45D6-A219-83947BD0566A}.Release|iPhone.Build.0 = Release|x86
		{8731E931-7BF6-45D6-A219-83947BD0566A}.Release|iPhone.Deploy.0 = Release|x86
		{8731E931-7BF6-45D6-A219-83947BD0566A}.Release|iPhoneSimulator.ActiveCfg = Release|x86
		{8731E931-7BF6-45D6-A219-83947BD0566A}.Release|iPhoneSimulator.Build.0 = Release|x86
		{8731E931-7BF6-45D6-A219-83947BD0566A}.Release|iPhoneSimulator.Deploy.0 = Release|x86
		{8731E931-7BF6-45D6-A219-83947BD0566A}.Release|x64.ActiveCfg = Release|x64
		{8731E931-7BF6-45D6-A219-83947BD0566A}.Release|x64.Build.0 = Release|x64
		{8731E931-7BF6-45D6-A219-83947BD0566A}.Release|x64.Deploy.0 = Release|x64
		{8731E931-7BF6-45D6-A219-83947BD0566A}.Release|x86.ActiveCfg = Release|x86
		{8731E931-7BF6-45D6-A219-83947BD0566A}.Release|x86.Build.0 = Release|x86
		{8731E931-7BF6-45D6-A219-83947BD0566A}.Release|x86.Deploy.0 = Release|x86
		{ABDDB7BD-CDCE-4A8B-ABB3-ADD90960EC83}.Ad-Hoc|Any CPU.ActiveCfg = Debug|Any CPU
		{ABDDB7BD-CDCE-4A8B-ABB3-ADD90960EC83}.Ad-Hoc|Any CPU.Build.0 = Debug|Any CPU
		{ABDDB7BD-CDCE-4A8B-ABB3-ADD90960EC83}.Ad-Hoc|Any CPU.Deploy.0 = Debug|Any CPU
		{ABDDB7BD-CDCE-4A8B-ABB3-ADD90960EC83}.Ad-Hoc|ARM.ActiveCfg = Debug|Any CPU
		{ABDDB7BD-CDCE-4A8B-ABB3-ADD90960EC83}.Ad-Hoc|ARM.Build.0 = Debug|Any CPU
		{ABDDB7BD-CDCE-4A8B-ABB3-ADD90960EC83}.Ad-Hoc|ARM.Deploy.0 = Debug|Any CPU
		{ABDDB7BD-CDCE-4A8B-ABB3-ADD90960EC83}.Ad-Hoc|iPhone.ActiveCfg = Debug|Any CPU
		{ABDDB7BD-CDCE-4A8B-ABB3-ADD90960EC83}.Ad-Hoc|iPhone.Build.0 = Debug|Any CPU
		{ABDDB7BD-CDCE-4A8B-ABB3-ADD90960EC83}.Ad-Hoc|iPhone.Deploy.0 = Debug|Any CPU
		{ABDDB7BD-CDCE-4A8B-ABB3-ADD90960EC83}.Ad-Hoc|iPhoneSimulator.ActiveCfg = Debug|Any CPU
		{ABDDB7BD-CDCE-4A8B-ABB3-ADD90960EC83}.Ad-Hoc|iPhoneSimulator.Build.0 = Debug|Any CPU
		{ABDDB7BD-CDCE-4A8B-ABB3-ADD90960EC83}.Ad-Hoc|iPhoneSimulator.Deploy.0 = Debug|Any CPU
		{ABDDB7BD-CDCE-4A8B-ABB3-ADD90960EC83}.Ad-Hoc|x64.ActiveCfg = Debug|Any CPU
		{ABDDB7BD-CDCE-4A8B-ABB3-ADD90960EC83}.Ad-Hoc|x64.Build.0 = Debug|Any CPU
		{ABDDB7BD-CDCE-4A8B-ABB3-ADD90960EC83}.Ad-Hoc|x64.Deploy.0 = Debug|Any CPU
		{ABDDB7BD-CDCE-4A8B-ABB3-ADD90960EC83}.Ad-Hoc|x86.ActiveCfg = Debug|Any CPU
		{ABDDB7BD-CDCE-4A8B-ABB3-ADD90960EC83}.Ad-Hoc|x86.Build.0 = Debug|Any CPU
		{ABDDB7BD-CDCE-4A8B-ABB3-ADD90960EC83}.Ad-Hoc|x86.Deploy.0 = Debug|Any CPU
		{ABDDB7BD-CDCE-4A8B-ABB3-ADD90960EC83}.AppStore|Any CPU.ActiveCfg = Debug|Any CPU
		{ABDDB7BD-CDCE-4A8B-ABB3-ADD90960EC83}.AppStore|Any CPU.Build.0 = Debug|Any CPU
		{ABDDB7BD-CDCE-4A8B-ABB3-ADD90960EC83}.AppStore|Any CPU.Deploy.0 = Debug|Any CPU
		{ABDDB7BD-CDCE-4A8B-ABB3-ADD90960EC83}.AppStore|ARM.ActiveCfg = Debug|Any CPU
		{ABDDB7BD-CDCE-4A8B-ABB3-ADD90960EC83}.AppStore|ARM.Build.0 = Debug|Any CPU
		{ABDDB7BD-CDCE-4A8B-ABB3-ADD90960EC83}.AppStore|ARM.Deploy.0 = Debug|Any CPU
		{ABDDB7BD-CDCE-4A8B-ABB3-ADD90960EC83}.AppStore|iPhone.ActiveCfg = Debug|Any CPU
		{ABDDB7BD-CDCE-4A8B-ABB3-ADD90960EC83}.AppStore|iPhone.Build.0 = Debug|Any CPU
		{ABDDB7BD-CDCE-4A8B-ABB3-ADD90960EC83}.AppStore|iPhone.Deploy.0 = Debug|Any CPU
		{ABDDB7BD-CDCE-4A8B-ABB3-ADD90960EC83}.AppStore|iPhoneSimulator.ActiveCfg = Debug|Any CPU
		{ABDDB7BD-CDCE-4A8B-ABB3-ADD90960EC83}.AppStore|iPhoneSimulator.Build.0 = Debug|Any CPU
		{ABDDB7BD-CDCE-4A8B-ABB3-ADD90960EC83}.AppStore|iPhoneSimulator.Deploy.0 = Debug|Any CPU
		{ABDDB7BD-CDCE-4A8B-ABB3-ADD90960EC83}.AppStore|x64.ActiveCfg = Debug|Any CPU
		{ABDDB7BD-CDCE-4A8B-ABB3-ADD90960EC83}.AppStore|x64.Build.0 = Debug|Any CPU
		{ABDDB7BD-CDCE-4A8B-ABB3-ADD90960EC83}.AppStore|x64.Deploy.0 = Debug|Any CPU
		{ABDDB7BD-CDCE-4A8B-ABB3-ADD90960EC83}.AppStore|x86.ActiveCfg = Debug|Any CPU
		{ABDDB7BD-CDCE-4A8B-ABB3-ADD90960EC83}.AppStore|x86.Build.0 = Debug|Any CPU
		{ABDDB7BD-CDCE-4A8B-ABB3-ADD90960EC83}.AppStore|x86.Deploy.0 = Debug|Any CPU
		{ABDDB7BD-CDCE-4A8B-ABB3-ADD90960EC83}.Debug|Any CPU.ActiveCfg = Debug|Any CPU
		{ABDDB7BD-CDCE-4A8B-ABB3-ADD90960EC83}.Debug|Any CPU.Build.0 = Debug|Any CPU
		{ABDDB7BD-CDCE-4A8B-ABB3-ADD90960EC83}.Debug|Any CPU.Deploy.0 = Debug|Any CPU
		{ABDDB7BD-CDCE-4A8B-ABB3-ADD90960EC83}.Debug|ARM.ActiveCfg = Debug|Any CPU
		{ABDDB7BD-CDCE-4A8B-ABB3-ADD90960EC83}.Debug|ARM.Build.0 = Debug|Any CPU
		{ABDDB7BD-CDCE-4A8B-ABB3-ADD90960EC83}.Debug|ARM.Deploy.0 = Debug|Any CPU
		{ABDDB7BD-CDCE-4A8B-ABB3-ADD90960EC83}.Debug|iPhone.ActiveCfg = Debug|Any CPU
		{ABDDB7BD-CDCE-4A8B-ABB3-ADD90960EC83}.Debug|iPhone.Build.0 = Debug|Any CPU
		{ABDDB7BD-CDCE-4A8B-ABB3-ADD90960EC83}.Debug|iPhone.Deploy.0 = Debug|Any CPU
		{ABDDB7BD-CDCE-4A8B-ABB3-ADD90960EC83}.Debug|iPhoneSimulator.ActiveCfg = Debug|Any CPU
		{ABDDB7BD-CDCE-4A8B-ABB3-ADD90960EC83}.Debug|iPhoneSimulator.Build.0 = Debug|Any CPU
		{ABDDB7BD-CDCE-4A8B-ABB3-ADD90960EC83}.Debug|iPhoneSimulator.Deploy.0 = Debug|Any CPU
		{ABDDB7BD-CDCE-4A8B-ABB3-ADD90960EC83}.Debug|x64.ActiveCfg = Debug|Any CPU
		{ABDDB7BD-CDCE-4A8B-ABB3-ADD90960EC83}.Debug|x64.Build.0 = Debug|Any CPU
		{ABDDB7BD-CDCE-4A8B-ABB3-ADD90960EC83}.Debug|x64.Deploy.0 = Debug|Any CPU
		{ABDDB7BD-CDCE-4A8B-ABB3-ADD90960EC83}.Debug|x86.ActiveCfg = Debug|Any CPU
		{ABDDB7BD-CDCE-4A8B-ABB3-ADD90960EC83}.Debug|x86.Build.0 = Debug|Any CPU
		{ABDDB7BD-CDCE-4A8B-ABB3-ADD90960EC83}.Debug|x86.Deploy.0 = Debug|Any CPU
		{ABDDB7BD-CDCE-4A8B-ABB3-ADD90960EC83}.Release|Any CPU.ActiveCfg = Release|Any CPU
		{ABDDB7BD-CDCE-4A8B-ABB3-ADD90960EC83}.Release|Any CPU.Build.0 = Release|Any CPU
		{ABDDB7BD-CDCE-4A8B-ABB3-ADD90960EC83}.Release|Any CPU.Deploy.0 = Release|Any CPU
		{ABDDB7BD-CDCE-4A8B-ABB3-ADD90960EC83}.Release|ARM.ActiveCfg = Release|Any CPU
		{ABDDB7BD-CDCE-4A8B-ABB3-ADD90960EC83}.Release|ARM.Build.0 = Release|Any CPU
		{ABDDB7BD-CDCE-4A8B-ABB3-ADD90960EC83}.Release|ARM.Deploy.0 = Release|Any CPU
		{ABDDB7BD-CDCE-4A8B-ABB3-ADD90960EC83}.Release|iPhone.ActiveCfg = Release|Any CPU
		{ABDDB7BD-CDCE-4A8B-ABB3-ADD90960EC83}.Release|iPhone.Build.0 = Release|Any CPU
		{ABDDB7BD-CDCE-4A8B-ABB3-ADD90960EC83}.Release|iPhone.Deploy.0 = Release|Any CPU
		{ABDDB7BD-CDCE-4A8B-ABB3-ADD90960EC83}.Release|iPhoneSimulator.ActiveCfg = Release|Any CPU
		{ABDDB7BD-CDCE-4A8B-ABB3-ADD90960EC83}.Release|iPhoneSimulator.Build.0 = Release|Any CPU
		{ABDDB7BD-CDCE-4A8B-ABB3-ADD90960EC83}.Release|iPhoneSimulator.Deploy.0 = Release|Any CPU
		{ABDDB7BD-CDCE-4A8B-ABB3-ADD90960EC83}.Release|x64.ActiveCfg = Release|Any CPU
		{ABDDB7BD-CDCE-4A8B-ABB3-ADD90960EC83}.Release|x64.Build.0 = Release|Any CPU
		{ABDDB7BD-CDCE-4A8B-ABB3-ADD90960EC83}.Release|x64.Deploy.0 = Release|Any CPU
		{ABDDB7BD-CDCE-4A8B-ABB3-ADD90960EC83}.Release|x86.ActiveCfg = Release|Any CPU
		{ABDDB7BD-CDCE-4A8B-ABB3-ADD90960EC83}.Release|x86.Build.0 = Release|Any CPU
		{ABDDB7BD-CDCE-4A8B-ABB3-ADD90960EC83}.Release|x86.Deploy.0 = Release|Any CPU
	EndGlobalSection
	GlobalSection(SolutionProperties) = preSolution
		HideSolutionNode = FALSE
	EndGlobalSection
	GlobalSection(ExtensibilityGlobals) = postSolution
		SolutionGuid = {49399393-59BC-4E29-9FBF-FBE2D7E2C0E4}
	EndGlobalSection
EndGlobal
